
Microsoft Visual Studio Solution File, Format Version 12.00
# Visual Studio 2012
Project("{8BC9CEB8-8B4A-11D0-8D11-00A0C91BC942}") = "prime_create", "prime_create\prime_create.vcxproj", "{92C818C5-EBE0-4135-B758-30A234D1FF0B}"
EndProject
Global
	GlobalSection(SolutionConfigurationPlatforms) = preSolution
		Debug|Win32 = Debug|Win32
		Release|Win32 = Release|Win32
	EndGlobalSection
	GlobalSection(ProjectConfigurationPlatforms) = postSolution
		{92C818C5-EBE0-4135-B758-30A234D1FF0B}.Debug|Win32.ActiveCfg = Debug|Win32
		{92C818C5-EBE0-4135-B758-30A234D1FF0B}.Debug|Win32.Build.0 = Debug|Win32
		{92C818C5-EBE0-4135-B758-30A234D1FF0B}.Release|Win32.ActiveCfg = Release|Win32
		{92C818C5-EBE0-4135-B758-30A234D1FF0B}.Release|Win32.Build.0 = Release|Win32
	EndGlobalSection
	GlobalSection(SolutionProperties) = preSolution
		HideSolutionNode = FALSE
	EndGlobalSection
EndGlobal
